// !$*UTF8*$!
{
	archiveVersion = 1;
	classes = {
	};
	objectVersion = 54;
	objects = {

/* Begin PBXBuildFile section */
		49168C02265BB409007E4154 /* CarNumUITests.swift in Sources */ = {isa = PBXBuildFile; fileRef = 49168C01265BB409007E4154 /* CarNumUITests.swift */; };
		491CF2E426594FC600C1B48A /* CarNumTests.swift in Sources */ = {isa = PBXBuildFile; fileRef = 491CF2E326594FC600C1B48A /* CarNumTests.swift */; };
		49357B1F265A33C2002151F8 /* CategoryViewControllerTests.swift in Sources */ = {isa = PBXBuildFile; fileRef = 49357B1E265A33C2002151F8 /* CategoryViewControllerTests.swift */; };
		49357B23265A3517002151F8 /* CarNumViewControllerTests.swift in Sources */ = {isa = PBXBuildFile; fileRef = 49357B22265A3517002151F8 /* CarNumViewControllerTests.swift */; };
		498989A9265BB4B6002F7C54 /* CarNumUITests.swift in Sources */ = {isa = PBXBuildFile; fileRef = 498989A8265BB4B6002F7C54 /* CarNumUITests.swift */; };
		50AF43BB3AA47FE22D56ED78 /* Pods_CarNum.framework in Frameworks */ = {isa = PBXBuildFile; fileRef = 03CA4AF45C12038B59B9CD52 /* Pods_CarNum.framework */; };
		566F4E0E24405B2100215F0A /* SwipeTableViewController.swift in Sources */ = {isa = PBXBuildFile; fileRef = 566F4E0D24405B2100215F0A /* SwipeTableViewController.swift */; };
		5696737F243B4B1F00639D7A /* AddViewController.swift in Sources */ = {isa = PBXBuildFile; fileRef = 5696737E243B4B1F00639D7A /* AddViewController.swift */; };
		56C8F942243FA86900AC8D0F /* CategoryViewController.swift in Sources */ = {isa = PBXBuildFile; fileRef = 56C8F941243FA86900AC8D0F /* CategoryViewController.swift */; };
		56D4868224392247003F0AFB /* AppDelegate.swift in Sources */ = {isa = PBXBuildFile; fileRef = 56D4868124392247003F0AFB /* AppDelegate.swift */; };
		56D4868424392247003F0AFB /* SceneDelegate.swift in Sources */ = {isa = PBXBuildFile; fileRef = 56D4868324392247003F0AFB /* SceneDelegate.swift */; };
		56D4868624392247003F0AFB /* CarNumViewController.swift in Sources */ = {isa = PBXBuildFile; fileRef = 56D4868524392247003F0AFB /* CarNumViewController.swift */; };
		56D4868924392247003F0AFB /* Main.storyboard in Resources */ = {isa = PBXBuildFile; fileRef = 56D4868724392247003F0AFB /* Main.storyboard */; };
		56D4868C24392247003F0AFB /* CarNum.xcdatamodeld in Sources */ = {isa = PBXBuildFile; fileRef = 56D4868A24392247003F0AFB /* CarNum.xcdatamodeld */; };
		56D4868E2439224C003F0AFB /* Assets.xcassets in Resources */ = {isa = PBXBuildFile; fileRef = 56D4868D2439224C003F0AFB /* Assets.xcassets */; };
		56D486912439224C003F0AFB /* LaunchScreen.storyboard in Resources */ = {isa = PBXBuildFile; fileRef = 56D4868F2439224C003F0AFB /* LaunchScreen.storyboard */; };
/* End PBXBuildFile section */

/* Begin PBXContainerItemProxy section */
		49168C04265BB409007E4154 /* PBXContainerItemProxy */ = {
			isa = PBXContainerItemProxy;
			containerPortal = 56D4867624392247003F0AFB /* Project object */;
			proxyType = 1;
			remoteGlobalIDString = 56D4867D24392247003F0AFB;
			remoteInfo = CarNum;
		};
		491CF2E626594FC600C1B48A /* PBXContainerItemProxy */ = {
			isa = PBXContainerItemProxy;
			containerPortal = 56D4867624392247003F0AFB /* Project object */;
			proxyType = 1;
			remoteGlobalIDString = 56D4867D24392247003F0AFB;
			remoteInfo = CarNum;
		};
/* End PBXContainerItemProxy section */

/* Begin PBXFileReference section */
		03CA4AF45C12038B59B9CD52 /* Pods_CarNum.framework */ = {isa = PBXFileReference; explicitFileType = wrapper.framework; includeInIndex = 0; path = Pods_CarNum.framework; sourceTree = BUILT_PRODUCTS_DIR; };
		49027B3220C9801C880BF9A3 /* Pods-CarNum.debug.xcconfig */ = {isa = PBXFileReference; includeInIndex = 1; lastKnownFileType = text.xcconfig; name = "Pods-CarNum.debug.xcconfig"; path = "Target Support Files/Pods-CarNum/Pods-CarNum.debug.xcconfig"; sourceTree = "<group>"; };
		49168BFF265BB409007E4154 /* CarNumUITests.xctest */ = {isa = PBXFileReference; explicitFileType = wrapper.cfbundle; includeInIndex = 0; path = CarNumUITests.xctest; sourceTree = BUILT_PRODUCTS_DIR; };
		49168C01265BB409007E4154 /* CarNumUITests.swift */ = {isa = PBXFileReference; lastKnownFileType = sourcecode.swift; path = CarNumUITests.swift; sourceTree = "<group>"; };
		49168C03265BB409007E4154 /* Info.plist */ = {isa = PBXFileReference; lastKnownFileType = text.plist.xml; path = Info.plist; sourceTree = "<group>"; };
		491CF2E126594FC600C1B48A /* CarNumTests.xctest */ = {isa = PBXFileReference; explicitFileType = wrapper.cfbundle; includeInIndex = 0; path = CarNumTests.xctest; sourceTree = BUILT_PRODUCTS_DIR; };
		491CF2E326594FC600C1B48A /* CarNumTests.swift */ = {isa = PBXFileReference; lastKnownFileType = sourcecode.swift; path = CarNumTests.swift; sourceTree = "<group>"; };
		491CF2E526594FC600C1B48A /* Info.plist */ = {isa = PBXFileReference; lastKnownFileType = text.plist.xml; path = Info.plist; sourceTree = "<group>"; };
		49357B1E265A33C2002151F8 /* CategoryViewControllerTests.swift */ = {isa = PBXFileReference; lastKnownFileType = sourcecode.swift; path = CategoryViewControllerTests.swift; sourceTree = "<group>"; };
		49357B22265A3517002151F8 /* CarNumViewControllerTests.swift */ = {isa = PBXFileReference; lastKnownFileType = sourcecode.swift; path = CarNumViewControllerTests.swift; sourceTree = "<group>"; };
		498989A8265BB4B6002F7C54 /* CarNumUITests.swift */ = {isa = PBXFileReference; lastKnownFileType = sourcecode.swift; name = CarNumUITests.swift; path = ../../../Practice/ToDoApp/ToDoAppTests/Controller/CarNumUITests.swift; sourceTree = "<group>"; };
		566F4E0D24405B2100215F0A /* SwipeTableViewController.swift */ = {isa = PBXFileReference; lastKnownFileType = sourcecode.swift; path = SwipeTableViewController.swift; sourceTree = "<group>"; };
		5696737E243B4B1F00639D7A /* AddViewController.swift */ = {isa = PBXFileReference; lastKnownFileType = sourcecode.swift; path = AddViewController.swift; sourceTree = SOURCE_ROOT; };
		56C8F941243FA86900AC8D0F /* CategoryViewController.swift */ = {isa = PBXFileReference; lastKnownFileType = sourcecode.swift; path = CategoryViewController.swift; sourceTree = "<group>"; };
		56D4867E24392247003F0AFB /* CarNum.app */ = {isa = PBXFileReference; explicitFileType = wrapper.application; includeInIndex = 0; path = CarNum.app; sourceTree = BUILT_PRODUCTS_DIR; };
		56D4868124392247003F0AFB /* AppDelegate.swift */ = {isa = PBXFileReference; lastKnownFileType = sourcecode.swift; path = AppDelegate.swift; sourceTree = "<group>"; };
		56D4868324392247003F0AFB /* SceneDelegate.swift */ = {isa = PBXFileReference; lastKnownFileType = sourcecode.swift; path = SceneDelegate.swift; sourceTree = "<group>"; };
		56D4868524392247003F0AFB /* CarNumViewController.swift */ = {isa = PBXFileReference; lastKnownFileType = sourcecode.swift; path = CarNumViewController.swift; sourceTree = "<group>"; };
		56D4868824392247003F0AFB /* Base */ = {isa = PBXFileReference; lastKnownFileType = file.storyboard; name = Base; path = Base.lproj/Main.storyboard; sourceTree = "<group>"; };
		56D4868B24392247003F0AFB /* CarNum.xcdatamodel */ = {isa = PBXFileReference; lastKnownFileType = wrapper.xcdatamodel; path = CarNum.xcdatamodel; sourceTree = "<group>"; };
		56D4868D2439224C003F0AFB /* Assets.xcassets */ = {isa = PBXFileReference; lastKnownFileType = folder.assetcatalog; path = Assets.xcassets; sourceTree = "<group>"; };
		56D486902439224C003F0AFB /* Base */ = {isa = PBXFileReference; lastKnownFileType = file.storyboard; name = Base; path = Base.lproj/LaunchScreen.storyboard; sourceTree = "<group>"; };
		56D486922439224C003F0AFB /* Info.plist */ = {isa = PBXFileReference; lastKnownFileType = text.plist.xml; path = Info.plist; sourceTree = "<group>"; };
		D8FB7FEEC557A8CBB7DC53C1 /* Pods-CarNum.release.xcconfig */ = {isa = PBXFileReference; includeInIndex = 1; lastKnownFileType = text.xcconfig; name = "Pods-CarNum.release.xcconfig"; path = "Target Support Files/Pods-CarNum/Pods-CarNum.release.xcconfig"; sourceTree = "<group>"; };
/* End PBXFileReference section */

/* Begin PBXFrameworksBuildPhase section */
		49168BFC265BB409007E4154 /* Frameworks */ = {
			isa = PBXFrameworksBuildPhase;
			buildActionMask = 2147483647;
			files = (
			);
			runOnlyForDeploymentPostprocessing = 0;
		};
		491CF2DE26594FC600C1B48A /* Frameworks */ = {
			isa = PBXFrameworksBuildPhase;
			buildActionMask = 2147483647;
			files = (
			);
			runOnlyForDeploymentPostprocessing = 0;
		};
		56D4867B24392247003F0AFB /* Frameworks */ = {
			isa = PBXFrameworksBuildPhase;
			buildActionMask = 2147483647;
			files = (
				50AF43BB3AA47FE22D56ED78 /* Pods_CarNum.framework in Frameworks */,
			);
			runOnlyForDeploymentPostprocessing = 0;
		};
/* End PBXFrameworksBuildPhase section */

/* Begin PBXGroup section */
		49168C00265BB409007E4154 /* CarNumUITests */ = {
			isa = PBXGroup;
			children = (
				49168C01265BB409007E4154 /* CarNumUITests.swift */,
				498989A8265BB4B6002F7C54 /* CarNumUITests.swift */,
				49168C03265BB409007E4154 /* Info.plist */,
			);
			path = CarNumUITests;
			sourceTree = "<group>";
		};
		491CF2E226594FC600C1B48A /* CarNumTests */ = {
			isa = PBXGroup;
			children = (
				49357B13265A32A3002151F8 /* Controller */,
				491CF2E326594FC600C1B48A /* CarNumTests.swift */,
				491CF2E526594FC600C1B48A /* Info.plist */,
			);
			path = CarNumTests;
			sourceTree = "<group>";
		};
		49357B13265A32A3002151F8 /* Controller */ = {
			isa = PBXGroup;
			children = (
				49357B1E265A33C2002151F8 /* CategoryViewControllerTests.swift */,
				49357B22265A3517002151F8 /* CarNumViewControllerTests.swift */,
			);
			path = Controller;
			sourceTree = "<group>";
		};
		56967379243B442B00639D7A /* Model */ = {
			isa = PBXGroup;
			children = (
				56D4868A24392247003F0AFB /* CarNum.xcdatamodeld */,
			);
			path = Model;
			sourceTree = "<group>";
		};
		5696737A243B443D00639D7A /* Views */ = {
			isa = PBXGroup;
			children = (
				56D4868724392247003F0AFB /* Main.storyboard */,
				56D4868F2439224C003F0AFB /* LaunchScreen.storyboard */,
			);
			path = Views;
			sourceTree = "<group>";
		};
		5696737B243B445300639D7A /* Controllers */ = {
			isa = PBXGroup;
			children = (
				566F4E0D24405B2100215F0A /* SwipeTableViewController.swift */,
				56C8F941243FA86900AC8D0F /* CategoryViewController.swift */,
				56D4868524392247003F0AFB /* CarNumViewController.swift */,
				5696737E243B4B1F00639D7A /* AddViewController.swift */,
			);
			path = Controllers;
			sourceTree = "<group>";
		};
		56C0695D243DACC6005A31AB /* Supporting Files */ = {
			isa = PBXGroup;
			children = (
				56D4868324392247003F0AFB /* SceneDelegate.swift */,
				56D4868124392247003F0AFB /* AppDelegate.swift */,
				56D4868D2439224C003F0AFB /* Assets.xcassets */,
			);
			path = "Supporting Files";
			sourceTree = "<group>";
		};
		56D4867524392247003F0AFB = {
			isa = PBXGroup;
			children = (
				56D4868024392247003F0AFB /* CarNum */,
				491CF2E226594FC600C1B48A /* CarNumTests */,
				49168C00265BB409007E4154 /* CarNumUITests */,
				56D4867F24392247003F0AFB /* Products */,
				824527F591781A50477C2D1E /* Pods */,
				E72E494E5057DD99AEC3D907 /* Frameworks */,
			);
			sourceTree = "<group>";
		};
		56D4867F24392247003F0AFB /* Products */ = {
			isa = PBXGroup;
			children = (
				56D4867E24392247003F0AFB /* CarNum.app */,
				491CF2E126594FC600C1B48A /* CarNumTests.xctest */,
				49168BFF265BB409007E4154 /* CarNumUITests.xctest */,
			);
			name = Products;
			sourceTree = "<group>";
		};
		56D4868024392247003F0AFB /* CarNum */ = {
			isa = PBXGroup;
			children = (
				56C0695D243DACC6005A31AB /* Supporting Files */,
				56967379243B442B00639D7A /* Model */,
				5696737A243B443D00639D7A /* Views */,
				5696737B243B445300639D7A /* Controllers */,
				56D486922439224C003F0AFB /* Info.plist */,
			);
			path = CarNum;
			sourceTree = "<group>";
		};
		824527F591781A50477C2D1E /* Pods */ = {
			isa = PBXGroup;
			children = (
				49027B3220C9801C880BF9A3 /* Pods-CarNum.debug.xcconfig */,
				D8FB7FEEC557A8CBB7DC53C1 /* Pods-CarNum.release.xcconfig */,
			);
			path = Pods;
			sourceTree = "<group>";
		};
		E72E494E5057DD99AEC3D907 /* Frameworks */ = {
			isa = PBXGroup;
			children = (
				03CA4AF45C12038B59B9CD52 /* Pods_CarNum.framework */,
			);
			name = Frameworks;
			sourceTree = "<group>";
		};
/* End PBXGroup section */

/* Begin PBXNativeTarget section */
		49168BFE265BB409007E4154 /* CarNumUITests */ = {
			isa = PBXNativeTarget;
			buildConfigurationList = 49168C08265BB409007E4154 /* Build configuration list for PBXNativeTarget "CarNumUITests" */;
			buildPhases = (
				49168BFB265BB409007E4154 /* Sources */,
				49168BFC265BB409007E4154 /* Frameworks */,
				49168BFD265BB409007E4154 /* Resources */,
			);
			buildRules = (
			);
			dependencies = (
				49168C05265BB409007E4154 /* PBXTargetDependency */,
			);
			name = CarNumUITests;
			productName = CarNumUITests;
			productReference = 49168BFF265BB409007E4154 /* CarNumUITests.xctest */;
			productType = "com.apple.product-type.bundle.ui-testing";
		};
		491CF2E026594FC600C1B48A /* CarNumTests */ = {
			isa = PBXNativeTarget;
			buildConfigurationList = 491CF2EA26594FC600C1B48A /* Build configuration list for PBXNativeTarget "CarNumTests" */;
			buildPhases = (
				491CF2DD26594FC600C1B48A /* Sources */,
				491CF2DE26594FC600C1B48A /* Frameworks */,
				491CF2DF26594FC600C1B48A /* Resources */,
			);
			buildRules = (
			);
			dependencies = (
				491CF2E726594FC600C1B48A /* PBXTargetDependency */,
			);
			name = CarNumTests;
			productName = CarNumTests;
			productReference = 491CF2E126594FC600C1B48A /* CarNumTests.xctest */;
			productType = "com.apple.product-type.bundle.unit-test";
		};
		56D4867D24392247003F0AFB /* CarNum */ = {
			isa = PBXNativeTarget;
			buildConfigurationList = 56D486952439224C003F0AFB /* Build configuration list for PBXNativeTarget "CarNum" */;
			buildPhases = (
				E1A22444C498BB1867AF170C /* [CP] Check Pods Manifest.lock */,
				56D4867A24392247003F0AFB /* Sources */,
				56D4867B24392247003F0AFB /* Frameworks */,
				56D4867C24392247003F0AFB /* Resources */,
				5A78F763566DD0592712CE73 /* [CP] Embed Pods Frameworks */,
			);
			buildRules = (
			);
			dependencies = (
			);
			name = CarNum;
			productName = CarNum;
			productReference = 56D4867E24392247003F0AFB /* CarNum.app */;
			productType = "com.apple.product-type.application";
		};
/* End PBXNativeTarget section */

/* Begin PBXProject section */
		56D4867624392247003F0AFB /* Project object */ = {
			isa = PBXProject;
			attributes = {
				LastSwiftUpdateCheck = 1240;
				LastUpgradeCheck = 1310;
				ORGANIZATIONNAME = Tambanco;
				TargetAttributes = {
					49168BFE265BB409007E4154 = {
						CreatedOnToolsVersion = 12.4;
						TestTargetID = 56D4867D24392247003F0AFB;
					};
					491CF2E026594FC600C1B48A = {
						CreatedOnToolsVersion = 12.4;
						TestTargetID = 56D4867D24392247003F0AFB;
					};
					56D4867D24392247003F0AFB = {
						CreatedOnToolsVersion = 11.4;
					};
				};
			};
			buildConfigurationList = 56D4867924392247003F0AFB /* Build configuration list for PBXProject "CarNum" */;
			compatibilityVersion = "Xcode 12.0";
			developmentRegion = en;
			hasScannedForEncodings = 0;
			knownRegions = (
				en,
				Base,
			);
			mainGroup = 56D4867524392247003F0AFB;
			productRefGroup = 56D4867F24392247003F0AFB /* Products */;
			projectDirPath = "";
			projectRoot = "";
			targets = (
				56D4867D24392247003F0AFB /* CarNum */,
				491CF2E026594FC600C1B48A /* CarNumTests */,
				49168BFE265BB409007E4154 /* CarNumUITests */,
			);
		};
/* End PBXProject section */

/* Begin PBXResourcesBuildPhase section */
		49168BFD265BB409007E4154 /* Resources */ = {
			isa = PBXResourcesBuildPhase;
			buildActionMask = 2147483647;
			files = (
			);
			runOnlyForDeploymentPostprocessing = 0;
		};
		491CF2DF26594FC600C1B48A /* Resources */ = {
			isa = PBXResourcesBuildPhase;
			buildActionMask = 2147483647;
			files = (
			);
			runOnlyForDeploymentPostprocessing = 0;
		};
		56D4867C24392247003F0AFB /* Resources */ = {
			isa = PBXResourcesBuildPhase;
			buildActionMask = 2147483647;
			files = (
				56D486912439224C003F0AFB /* LaunchScreen.storyboard in Resources */,
				56D4868E2439224C003F0AFB /* Assets.xcassets in Resources */,
				56D4868924392247003F0AFB /* Main.storyboard in Resources */,
			);
			runOnlyForDeploymentPostprocessing = 0;
		};
/* End PBXResourcesBuildPhase section */

/* Begin PBXShellScriptBuildPhase section */
		5A78F763566DD0592712CE73 /* [CP] Embed Pods Frameworks */ = {
			isa = PBXShellScriptBuildPhase;
			buildActionMask = 2147483647;
			files = (
			);
			inputFileListPaths = (
				"${PODS_ROOT}/Target Support Files/Pods-CarNum/Pods-CarNum-frameworks-${CONFIGURATION}-input-files.xcfilelist",
			);
			name = "[CP] Embed Pods Frameworks";
			outputFileListPaths = (
				"${PODS_ROOT}/Target Support Files/Pods-CarNum/Pods-CarNum-frameworks-${CONFIGURATION}-output-files.xcfilelist",
			);
			runOnlyForDeploymentPostprocessing = 0;
			shellPath = /bin/sh;
			shellScript = "\"${PODS_ROOT}/Target Support Files/Pods-CarNum/Pods-CarNum-frameworks.sh\"\n";
			showEnvVarsInLog = 0;
		};
		E1A22444C498BB1867AF170C /* [CP] Check Pods Manifest.lock */ = {
			isa = PBXShellScriptBuildPhase;
			buildActionMask = 2147483647;
			files = (
			);
			inputFileListPaths = (
			);
			inputPaths = (
				"${PODS_PODFILE_DIR_PATH}/Podfile.lock",
				"${PODS_ROOT}/Manifest.lock",
			);
			name = "[CP] Check Pods Manifest.lock";
			outputFileListPaths = (
			);
			outputPaths = (
				"$(DERIVED_FILE_DIR)/Pods-CarNum-checkManifestLockResult.txt",
			);
			runOnlyForDeploymentPostprocessing = 0;
			shellPath = /bin/sh;
			shellScript = "diff \"${PODS_PODFILE_DIR_PATH}/Podfile.lock\" \"${PODS_ROOT}/Manifest.lock\" > /dev/null\nif [ $? != 0 ] ; then\n    # print error to STDERR\n    echo \"error: The sandbox is not in sync with the Podfile.lock. Run 'pod install' or update your CocoaPods installation.\" >&2\n    exit 1\nfi\n# This output is used by Xcode 'outputs' to avoid re-running this script phase.\necho \"SUCCESS\" > \"${SCRIPT_OUTPUT_FILE_0}\"\n";
			showEnvVarsInLog = 0;
		};
/* End PBXShellScriptBuildPhase section */

/* Begin PBXSourcesBuildPhase section */
		49168BFB265BB409007E4154 /* Sources */ = {
			isa = PBXSourcesBuildPhase;
			buildActionMask = 2147483647;
			files = (
				49168C02265BB409007E4154 /* CarNumUITests.swift in Sources */,
			);
			runOnlyForDeploymentPostprocessing = 0;
		};
		491CF2DD26594FC600C1B48A /* Sources */ = {
			isa = PBXSourcesBuildPhase;
			buildActionMask = 2147483647;
			files = (
				49357B1F265A33C2002151F8 /* CategoryViewControllerTests.swift in Sources */,
				498989A9265BB4B6002F7C54 /* CarNumUITests.swift in Sources */,
				49357B23265A3517002151F8 /* CarNumViewControllerTests.swift in Sources */,
				491CF2E426594FC600C1B48A /* CarNumTests.swift in Sources */,
			);
			runOnlyForDeploymentPostprocessing = 0;
		};
		56D4867A24392247003F0AFB /* Sources */ = {
			isa = PBXSourcesBuildPhase;
			buildActionMask = 2147483647;
			files = (
				5696737F243B4B1F00639D7A /* AddViewController.swift in Sources */,
				56D4868624392247003F0AFB /* CarNumViewController.swift in Sources */,
				56D4868C24392247003F0AFB /* CarNum.xcdatamodeld in Sources */,
				566F4E0E24405B2100215F0A /* SwipeTableViewController.swift in Sources */,
				56D4868224392247003F0AFB /* AppDelegate.swift in Sources */,
				56C8F942243FA86900AC8D0F /* CategoryViewController.swift in Sources */,
				56D4868424392247003F0AFB /* SceneDelegate.swift in Sources */,
			);
			runOnlyForDeploymentPostprocessing = 0;
		};
/* End PBXSourcesBuildPhase section */

/* Begin PBXTargetDependency section */
		49168C05265BB409007E4154 /* PBXTargetDependency */ = {
			isa = PBXTargetDependency;
			target = 56D4867D24392247003F0AFB /* CarNum */;
			targetProxy = 49168C04265BB409007E4154 /* PBXContainerItemProxy */;
		};
		491CF2E726594FC600C1B48A /* PBXTargetDependency */ = {
			isa = PBXTargetDependency;
			target = 56D4867D24392247003F0AFB /* CarNum */;
			targetProxy = 491CF2E626594FC600C1B48A /* PBXContainerItemProxy */;
		};
/* End PBXTargetDependency section */

/* Begin PBXVariantGroup section */
		56D4868724392247003F0AFB /* Main.storyboard */ = {
			isa = PBXVariantGroup;
			children = (
				56D4868824392247003F0AFB /* Base */,
			);
			name = Main.storyboard;
			sourceTree = "<group>";
		};
		56D4868F2439224C003F0AFB /* LaunchScreen.storyboard */ = {
			isa = PBXVariantGroup;
			children = (
				56D486902439224C003F0AFB /* Base */,
			);
			name = LaunchScreen.storyboard;
			sourceTree = "<group>";
		};
/* End PBXVariantGroup section */

/* Begin XCBuildConfiguration section */
		49168C06265BB409007E4154 /* Debug */ = {
			isa = XCBuildConfiguration;
			buildSettings = {
				CLANG_WARN_QUOTED_INCLUDE_IN_FRAMEWORK_HEADER = YES;
				CODE_SIGN_STYLE = Automatic;
				DEVELOPMENT_TEAM = 4LU2BMBADH;
				INFOPLIST_FILE = CarNumUITests/Info.plist;
				LD_RUNPATH_SEARCH_PATHS = (
					"$(inherited)",
					"@executable_path/Frameworks",
					"@loader_path/Frameworks",
				);
				PRODUCT_BUNDLE_IDENTIFIER = Tambanco.CarNumUITests;
				PRODUCT_NAME = "$(TARGET_NAME)";
				SWIFT_VERSION = 5.0;
				TARGETED_DEVICE_FAMILY = "1,2";
				TEST_TARGET_NAME = CarNum;
			};
			name = Debug;
		};
		49168C07265BB409007E4154 /* Release */ = {
			isa = XCBuildConfiguration;
			buildSettings = {
				CLANG_WARN_QUOTED_INCLUDE_IN_FRAMEWORK_HEADER = YES;
				CODE_SIGN_STYLE = Automatic;
				DEVELOPMENT_TEAM = 4LU2BMBADH;
				INFOPLIST_FILE = CarNumUITests/Info.plist;
				LD_RUNPATH_SEARCH_PATHS = (
					"$(inherited)",
					"@executable_path/Frameworks",
					"@loader_path/Frameworks",
				);
				PRODUCT_BUNDLE_IDENTIFIER = Tambanco.CarNumUITests;
				PRODUCT_NAME = "$(TARGET_NAME)";
				SWIFT_VERSION = 5.0;
				TARGETED_DEVICE_FAMILY = "1,2";
				TEST_TARGET_NAME = CarNum;
			};
			name = Release;
		};
		491CF2E826594FC600C1B48A /* Debug */ = {
			isa = XCBuildConfiguration;
			buildSettings = {
				BUNDLE_LOADER = "$(TEST_HOST)";
				CLANG_WARN_QUOTED_INCLUDE_IN_FRAMEWORK_HEADER = YES;
				CODE_SIGN_STYLE = Automatic;
				DEVELOPMENT_TEAM = 4LU2BMBADH;
				INFOPLIST_FILE = CarNumTests/Info.plist;
				LD_RUNPATH_SEARCH_PATHS = (
					"$(inherited)",
					"@executable_path/Frameworks",
					"@loader_path/Frameworks",
				);
				PRODUCT_BUNDLE_IDENTIFIER = Tambanco.CarNumTests;
				PRODUCT_NAME = "$(TARGET_NAME)";
				SWIFT_VERSION = 5.0;
				TARGETED_DEVICE_FAMILY = "1,2";
				TEST_HOST = "$(BUILT_PRODUCTS_DIR)/CarNum.app/CarNum";
			};
			name = Debug;
		};
		491CF2E926594FC600C1B48A /* Release */ = {
			isa = XCBuildConfiguration;
			buildSettings = {
				BUNDLE_LOADER = "$(TEST_HOST)";
				CLANG_WARN_QUOTED_INCLUDE_IN_FRAMEWORK_HEADER = YES;
				CODE_SIGN_STYLE = Automatic;
				DEVELOPMENT_TEAM = 4LU2BMBADH;
				INFOPLIST_FILE = CarNumTests/Info.plist;
				LD_RUNPATH_SEARCH_PATHS = (
					"$(inherited)",
					"@executable_path/Frameworks",
					"@loader_path/Frameworks",
				);
				PRODUCT_BUNDLE_IDENTIFIER = Tambanco.CarNumTests;
				PRODUCT_NAME = "$(TARGET_NAME)";
				SWIFT_VERSION = 5.0;
				TARGETED_DEVICE_FAMILY = "1,2";
				TEST_HOST = "$(BUILT_PRODUCTS_DIR)/CarNum.app/CarNum";
			};
			name = Release;
		};
		56D486932439224C003F0AFB /* Debug */ = {
			isa = XCBuildConfiguration;
			buildSettings = {
				ALWAYS_SEARCH_USER_PATHS = NO;
				CLANG_ANALYZER_NONNULL = YES;
				CLANG_ANALYZER_NUMBER_OBJECT_CONVERSION = YES_AGGRESSIVE;
				CLANG_CXX_LANGUAGE_STANDARD = "gnu++14";
				CLANG_CXX_LIBRARY = "libc++";
				CLANG_ENABLE_MODULES = YES;
				CLANG_ENABLE_OBJC_ARC = YES;
				CLANG_ENABLE_OBJC_WEAK = YES;
				CLANG_WARN_BLOCK_CAPTURE_AUTORELEASING = YES;
				CLANG_WARN_BOOL_CONVERSION = YES;
				CLANG_WARN_COMMA = YES;
				CLANG_WARN_CONSTANT_CONVERSION = YES;
				CLANG_WARN_DEPRECATED_OBJC_IMPLEMENTATIONS = YES;
				CLANG_WARN_DIRECT_OBJC_ISA_USAGE = YES_ERROR;
				CLANG_WARN_DOCUMENTATION_COMMENTS = YES;
				CLANG_WARN_EMPTY_BODY = YES;
				CLANG_WARN_ENUM_CONVERSION = YES;
				CLANG_WARN_INFINITE_RECURSION = YES;
				CLANG_WARN_INT_CONVERSION = YES;
				CLANG_WARN_NON_LITERAL_NULL_CONVERSION = YES;
				CLANG_WARN_OBJC_IMPLICIT_RETAIN_SELF = YES;
				CLANG_WARN_OBJC_LITERAL_CONVERSION = YES;
				CLANG_WARN_OBJC_ROOT_CLASS = YES_ERROR;
				CLANG_WARN_QUOTED_INCLUDE_IN_FRAMEWORK_HEADER = YES;
				CLANG_WARN_RANGE_LOOP_ANALYSIS = YES;
				CLANG_WARN_STRICT_PROTOTYPES = YES;
				CLANG_WARN_SUSPICIOUS_MOVE = YES;
				CLANG_WARN_UNGUARDED_AVAILABILITY = YES_AGGRESSIVE;
				CLANG_WARN_UNREACHABLE_CODE = YES;
				CLANG_WARN__DUPLICATE_METHOD_MATCH = YES;
				COPY_PHASE_STRIP = NO;
				DEBUG_INFORMATION_FORMAT = dwarf;
				ENABLE_STRICT_OBJC_MSGSEND = YES;
				ENABLE_TESTABILITY = YES;
				GCC_C_LANGUAGE_STANDARD = gnu11;
				GCC_DYNAMIC_NO_PIC = NO;
				GCC_NO_COMMON_BLOCKS = YES;
				GCC_OPTIMIZATION_LEVEL = 0;
				GCC_PREPROCESSOR_DEFINITIONS = (
					"DEBUG=1",
					"$(inherited)",
				);
				GCC_WARN_64_TO_32_BIT_CONVERSION = YES;
				GCC_WARN_ABOUT_RETURN_TYPE = YES_ERROR;
				GCC_WARN_UNDECLARED_SELECTOR = YES;
				GCC_WARN_UNINITIALIZED_AUTOS = YES_AGGRESSIVE;
				GCC_WARN_UNUSED_FUNCTION = YES;
				GCC_WARN_UNUSED_VARIABLE = YES;
				IPHONEOS_DEPLOYMENT_TARGET = 14.4;
				MTL_ENABLE_DEBUG_INFO = INCLUDE_SOURCE;
				MTL_FAST_MATH = YES;
				ONLY_ACTIVE_ARCH = YES;
				SDKROOT = iphoneos;
				SWIFT_ACTIVE_COMPILATION_CONDITIONS = DEBUG;
				SWIFT_OPTIMIZATION_LEVEL = "-Onone";
			};
			name = Debug;
		};
		56D486942439224C003F0AFB /* Release */ = {
			isa = XCBuildConfiguration;
			buildSettings = {
				ALWAYS_SEARCH_USER_PATHS = NO;
				CLANG_ANALYZER_NONNULL = YES;
				CLANG_ANALYZER_NUMBER_OBJECT_CONVERSION = YES_AGGRESSIVE;
				CLANG_CXX_LANGUAGE_STANDARD = "gnu++14";
				CLANG_CXX_LIBRARY = "libc++";
				CLANG_ENABLE_MODULES = YES;
				CLANG_ENABLE_OBJC_ARC = YES;
				CLANG_ENABLE_OBJC_WEAK = YES;
				CLANG_WARN_BLOCK_CAPTURE_AUTORELEASING = YES;
				CLANG_WARN_BOOL_CONVERSION = YES;
				CLANG_WARN_COMMA = YES;
				CLANG_WARN_CONSTANT_CONVERSION = YES;
				CLANG_WARN_DEPRECATED_OBJC_IMPLEMENTATIONS = YES;
				CLANG_WARN_DIRECT_OBJC_ISA_USAGE = YES_ERROR;
				CLANG_WARN_DOCUMENTATION_COMMENTS = YES;
				CLANG_WARN_EMPTY_BODY = YES;
				CLANG_WARN_ENUM_CONVERSION = YES;
				CLANG_WARN_INFINITE_RECURSION = YES;
				CLANG_WARN_INT_CONVERSION = YES;
				CLANG_WARN_NON_LITERAL_NULL_CONVERSION = YES;
				CLANG_WARN_OBJC_IMPLICIT_RETAIN_SELF = YES;
				CLANG_WARN_OBJC_LITERAL_CONVERSION = YES;
				CLANG_WARN_OBJC_ROOT_CLASS = YES_ERROR;
				CLANG_WARN_QUOTED_INCLUDE_IN_FRAMEWORK_HEADER = YES;
				CLANG_WARN_RANGE_LOOP_ANALYSIS = YES;
				CLANG_WARN_STRICT_PROTOTYPES = YES;
				CLANG_WARN_SUSPICIOUS_MOVE = YES;
				CLANG_WARN_UNGUARDED_AVAILABILITY = YES_AGGRESSIVE;
				CLANG_WARN_UNREACHABLE_CODE = YES;
				CLANG_WARN__DUPLICATE_METHOD_MATCH = YES;
				COPY_PHASE_STRIP = NO;
				DEBUG_INFORMATION_FORMAT = "dwarf-with-dsym";
				ENABLE_NS_ASSERTIONS = NO;
				ENABLE_STRICT_OBJC_MSGSEND = YES;
				GCC_C_LANGUAGE_STANDARD = gnu11;
				GCC_NO_COMMON_BLOCKS = YES;
				GCC_WARN_64_TO_32_BIT_CONVERSION = YES;
				GCC_WARN_ABOUT_RETURN_TYPE = YES_ERROR;
				GCC_WARN_UNDECLARED_SELECTOR = YES;
				GCC_WARN_UNINITIALIZED_AUTOS = YES_AGGRESSIVE;
				GCC_WARN_UNUSED_FUNCTION = YES;
				GCC_WARN_UNUSED_VARIABLE = YES;
				IPHONEOS_DEPLOYMENT_TARGET = 14.4;
				MTL_ENABLE_DEBUG_INFO = NO;
				MTL_FAST_MATH = YES;
				SDKROOT = iphoneos;
				SWIFT_COMPILATION_MODE = wholemodule;
				SWIFT_OPTIMIZATION_LEVEL = "-O";
				VALIDATE_PRODUCT = YES;
			};
			name = Release;
		};
		56D486962439224C003F0AFB /* Debug */ = {
			isa = XCBuildConfiguration;
			baseConfigurationReference = 49027B3220C9801C880BF9A3 /* Pods-CarNum.debug.xcconfig */;
			buildSettings = {
				ASSETCATALOG_COMPILER_APPICON_NAME = AppIcon;
				CODE_SIGN_STYLE = Automatic;
				DEVELOPMENT_TEAM = 4LU2BMBADH;
				INFOPLIST_FILE = CarNum/Info.plist;
				LD_RUNPATH_SEARCH_PATHS = (
					"$(inherited)",
					"@executable_path/Frameworks",
				);
				PRODUCT_BUNDLE_IDENTIFIER = "-.CarNum";
				PRODUCT_NAME = "$(TARGET_NAME)";
				SWIFT_VERSION = 5.0;
				TARGETED_DEVICE_FAMILY = "1,2";
			};
			name = Debug;
		};
		56D486972439224C003F0AFB /* Release */ = {
			isa = XCBuildConfiguration;
			baseConfigurationReference = D8FB7FEEC557A8CBB7DC53C1 /* Pods-CarNum.release.xcconfig */;
			buildSettings = {
				ASSETCATALOG_COMPILER_APPICON_NAME = AppIcon;
				CODE_SIGN_STYLE = Automatic;
				DEVELOPMENT_TEAM = 4LU2BMBADH;
				INFOPLIST_FILE = CarNum/Info.plist;
				LD_RUNPATH_SEARCH_PATHS = (
					"$(inherited)",
					"@executable_path/Frameworks",
				);
				PRODUCT_BUNDLE_IDENTIFIER = "-.CarNum";
				PRODUCT_NAME = "$(TARGET_NAME)";
				SWIFT_VERSION = 5.0;
				TARGETED_DEVICE_FAMILY = "1,2";
			};
			name = Release;
		};
/* End XCBuildConfiguration section */

/* Begin XCConfigurationList section */
		49168C08265BB409007E4154 /* Build configuration list for PBXNativeTarget "CarNumUITests" */ = {
			isa = XCConfigurationList;
			buildConfigurations = (
				49168C06265BB409007E4154 /* Debug */,
				49168C07265BB409007E4154 /* Release */,
			);
			defaultConfigurationIsVisible = 0;
			defaultConfigurationName = Release;
		};
		491CF2EA26594FC600C1B48A /* Build configuration list for PBXNativeTarget "CarNumTests" */ = {
			isa = XCConfigurationList;
			buildConfigurations = (
				491CF2E826594FC600C1B48A /* Debug */,
				491CF2E926594FC600C1B48A /* Release */,
			);
			defaultConfigurationIsVisible = 0;
			defaultConfigurationName = Release;
		};
		56D4867924392247003F0AFB /* Build configuration list for PBXProject "CarNum" */ = {
			isa = XCConfigurationList;
			buildConfigurations = (
				56D486932439224C003F0AFB /* Debug */,
				56D486942439224C003F0AFB /* Release */,
			);
			defaultConfigurationIsVisible = 0;
			defaultConfigurationName = Release;
		};
		56D486952439224C003F0AFB /* Build configuration list for PBXNativeTarget "CarNum" */ = {
			isa = XCConfigurationList;
			buildConfigurations = (
				56D486962439224C003F0AFB /* Debug */,
				56D486972439224C003F0AFB /* Release */,
			);
			defaultConfigurationIsVisible = 0;
			defaultConfigurationName = Release;
		};
/* End XCConfigurationList section */

/* Begin XCVersionGroup section */
		56D4868A24392247003F0AFB /* CarNum.xcdatamodeld */ = {
			isa = XCVersionGroup;
			children = (
				56D4868B24392247003F0AFB /* CarNum.xcdatamodel */,
			);
			currentVersion = 56D4868B24392247003F0AFB /* CarNum.xcdatamodel */;
			path = CarNum.xcdatamodeld;
			sourceTree = "<group>";
			versionGroupType = wrapper.xcdatamodel;
		};
/* End XCVersionGroup section */
	};
	rootObject = 56D4867624392247003F0AFB /* Project object */;
}
